
Microsoft Visual Studio Solution File, Format Version 10.00
# Visual Studio 2008
Project("{8BC9CEB8-8B4A-11D0-8D11-00A0C91BC942}") = "libGetCfg", "libGetCfg\libGetCfg.vcproj", "{1D882C0C-1A7D-4A8E-A742-A7441D7B9C3C}"
EndProject
Project("{8BC9CEB8-8B4A-11D0-8D11-00A0C91BC942}") = "sampleCode", "sampleCode\sampleCode.vcproj", "{226F3370-A199-4B54-97B2-FF8827716F77}"
	ProjectSection(ProjectDependencies) = postProject
		{1D882C0C-1A7D-4A8E-A742-A7441D7B9C3C} = {1D882C0C-1A7D-4A8E-A742-A7441D7B9C3C}
	EndProjectSection
EndProject
Global
	GlobalSection(SolutionConfigurationPlatforms) = preSolution
		Debug|Win32 = Debug|Win32
		Release|Win32 = Release|Win32
	EndGlobalSection
	GlobalSection(ProjectConfigurationPlatforms) = postSolution
		{1D882C0C-1A7D-4A8E-A742-A7441D7B9C3C}.Debug|Win32.ActiveCfg = Release|Win32
		{1D882C0C-1A7D-4A8E-A742-A7441D7B9C3C}.Debug|Win32.Build.0 = Release|Win32
		{1D882C0C-1A7D-4A8E-A742-A7441D7B9C3C}.Release|Win32.ActiveCfg = Release|Win32
		{1D882C0C-1A7D-4A8E-A742-A7441D7B9C3C}.Release|Win32.Build.0 = Release|Win32
		{226F3370-A199-4B54-97B2-FF8827716F77}.Debug|Win32.ActiveCfg = Release|Win32
		{226F3370-A199-4B54-97B2-FF8827716F77}.Debug|Win32.Build.0 = Release|Win32
		{226F3370-A199-4B54-97B2-FF8827716F77}.Release|Win32.ActiveCfg = Release|Win32
		{226F3370-A199-4B54-97B2-FF8827716F77}.Release|Win32.Build.0 = Release|Win32
	EndGlobalSection
	GlobalSection(SolutionProperties) = preSolution
		HideSolutionNode = FALSE
	EndGlobalSection
EndGlobal
